
Microsoft Visual Studio Solution File, Format Version 12.00
# Visual Studio 15
VisualStudioVersion = 15.0.27703.2000
MinimumVisualStudioVersion = 10.0.40219.1
Project("{FAE04EC0-301F-11D3-BF4B-00C04F79EFBC}") = "Essential1.A", "Essential1.A\Essential1.A.csproj", "{37C87F57-CF91-45D6-A559-605E34300460}"
EndProject
Project("{FAE04EC0-301F-11D3-BF4B-00C04F79EFBC}") = "Essential1.2", "Essential1.2\Essential1.2.csproj", "{1780F855-8B72-4FC0-AF8F-110AAEC9B06A}"
EndProject
Project("{FAE04EC0-301F-11D3-BF4B-00C04F79EFBC}") = "Essential1.3", "Essential1.3\Essential1.3.csproj", "{413A6560-0377-42A7-8C5A-CBA59286F9CF}"
EndProject
Project("{FAE04EC0-301F-11D3-BF4B-00C04F79EFBC}") = "Essential1.4", "Essential1.4\Essential1.4.csproj", "{722D1299-1BAF-4E49-BA58-B4837529C539}"
EndProject
Project("{FAE04EC0-301F-11D3-BF4B-00C04F79EFBC}") = "Essential2.A", "Essential2.A\Essential2.A.csproj", "{598941F3-FE5C-4DC1-916F-94CC84D71E3F}"
EndProject
Project("{FAE04EC0-301F-11D3-BF4B-00C04F79EFBC}") = "Essential2.2", "Essential2.2\Essential2.2.csproj", "{75B43D81-6629-459F-BE65-D3EA20EFA387}"
EndProject
Project("{FAE04EC0-301F-11D3-BF4B-00C04F79EFBC}") = "Essential2.3", "Essential2.3\Essential2.3.csproj", "{55ACE367-E705-4A2A-9103-DCABDB9615BA}"
EndProject
Project("{FAE04EC0-301F-11D3-BF4B-00C04F79EFBC}") = "Essential2.4", "Essential2.4\Essential2.4.csproj", "{23605A06-DFF9-44F0-9F38-42A29E5315BB}"
EndProject
Project("{FAE04EC0-301F-11D3-BF4B-00C04F79EFBC}") = "Essential3.A", "Essential3.A\Essential3.A.csproj", "{F67C983A-E083-49E7-ABCE-61326C1D0A12}"
EndProject
Project("{FAE04EC0-301F-11D3-BF4B-00C04F79EFBC}") = "Essential3.2", "Essential3.2\Essential3.2.csproj", "{1DA2F3D6-7EBC-4A86-BFB4-082DA9BEE1D8}"
EndProject
Project("{FAE04EC0-301F-11D3-BF4B-00C04F79EFBC}") = "Essential3.3", "Essential3.3\Essential3.3.csproj", "{4DE85A9B-9F69-4128-B5A2-E48E6001FADB}"
EndProject
Project("{FAE04EC0-301F-11D3-BF4B-00C04F79EFBC}") = "Essential3.4", "Essential3.4\Essential3.4.csproj", "{D6D7EB7E-BDAF-4C80-AB96-458ED4772146}"
EndProject
Project("{FAE04EC0-301F-11D3-BF4B-00C04F79EFBC}") = "Essential4.2", "Essential4.2\Essential4.2.csproj", "{5F2BDD92-22F7-4504-B736-E50C7BA70236}"
EndProject
Project("{FAE04EC0-301F-11D3-BF4B-00C04F79EFBC}") = "Essential4.3", "Essential4.3\Essential4.3.csproj", "{84B6E4D4-183A-4FB5-8B19-4C760A59175E}"
EndProject
Project("{FAE04EC0-301F-11D3-BF4B-00C04F79EFBC}") = "Essential5.A", "Essential5.A\Essential5.A.csproj", "{929DDBE1-804A-48ED-B9C6-FFB8E55DDCCE}"
EndProject
Project("{FAE04EC0-301F-11D3-BF4B-00C04F79EFBC}") = "Essential5.2", "Essential5.2\Essential5.2.csproj", "{4721ED19-9C4F-44F9-853B-A4666EC8F8FD}"
EndProject
Project("{FAE04EC0-301F-11D3-BF4B-00C04F79EFBC}") = "Essential5.3", "Essential5.3\Essential5.3.csproj", "{20A673BB-722A-42A4-8258-0FB73BD02936}"
EndProject
Global
	GlobalSection(SolutionConfigurationPlatforms) = preSolution
		Debug|Any CPU = Debug|Any CPU
		Release|Any CPU = Release|Any CPU
	EndGlobalSection
	GlobalSection(ProjectConfigurationPlatforms) = postSolution
		{37C87F57-CF91-45D6-A559-605E34300460}.Debug|Any CPU.ActiveCfg = Debug|Any CPU
		{37C87F57-CF91-45D6-A559-605E34300460}.Debug|Any CPU.Build.0 = Debug|Any CPU
		{37C87F57-CF91-45D6-A559-605E34300460}.Release|Any CPU.ActiveCfg = Release|Any CPU
		{37C87F57-CF91-45D6-A559-605E34300460}.Release|Any CPU.Build.0 = Release|Any CPU
		{1780F855-8B72-4FC0-AF8F-110AAEC9B06A}.Debug|Any CPU.ActiveCfg = Debug|Any CPU
		{1780F855-8B72-4FC0-AF8F-110AAEC9B06A}.Debug|Any CPU.Build.0 = Debug|Any CPU
		{1780F855-8B72-4FC0-AF8F-110AAEC9B06A}.Release|Any CPU.ActiveCfg = Release|Any CPU
		{1780F855-8B72-4FC0-AF8F-110AAEC9B06A}.Release|Any CPU.Build.0 = Release|Any CPU
		{413A6560-0377-42A7-8C5A-CBA59286F9CF}.Debug|Any CPU.ActiveCfg = Debug|Any CPU
		{413A6560-0377-42A7-8C5A-CBA59286F9CF}.Debug|Any CPU.Build.0 = Debug|Any CPU
		{413A6560-0377-42A7-8C5A-CBA59286F9CF}.Release|Any CPU.ActiveCfg = Release|Any CPU
		{413A6560-0377-42A7-8C5A-CBA59286F9CF}.Release|Any CPU.Build.0 = Release|Any CPU
		{722D1299-1BAF-4E49-BA58-B4837529C539}.Debug|Any CPU.ActiveCfg = Debug|Any CPU
		{722D1299-1BAF-4E49-BA58-B4837529C539}.Debug|Any CPU.Build.0 = Debug|Any CPU
		{722D1299-1BAF-4E49-BA58-B4837529C539}.Release|Any CPU.ActiveCfg = Release|Any CPU
		{722D1299-1BAF-4E49-BA58-B4837529C539}.Release|Any CPU.Build.0 = Release|Any CPU
		{598941F3-FE5C-4DC1-916F-94CC84D71E3F}.Debug|Any CPU.ActiveCfg = Debug|Any CPU
		{598941F3-FE5C-4DC1-916F-94CC84D71E3F}.Debug|Any CPU.Build.0 = Debug|Any CPU
		{598941F3-FE5C-4DC1-916F-94CC84D71E3F}.Release|Any CPU.ActiveCfg = Release|Any CPU
		{598941F3-FE5C-4DC1-916F-94CC84D71E3F}.Release|Any CPU.Build.0 = Release|Any CPU
		{75B43D81-6629-459F-BE65-D3EA20EFA387}.Debug|Any CPU.ActiveCfg = Debug|Any CPU
		{75B43D81-6629-459F-BE65-D3EA20EFA387}.Debug|Any CPU.Build.0 = Debug|Any CPU
		{75B43D81-6629-459F-BE65-D3EA20EFA387}.Release|Any CPU.ActiveCfg = Release|Any CPU
		{75B43D81-6629-459F-BE65-D3EA20EFA387}.Release|Any CPU.Build.0 = Release|Any CPU
		{55ACE367-E705-4A2A-9103-DCABDB9615BA}.Debug|Any CPU.ActiveCfg = Debug|Any CPU
		{55ACE367-E705-4A2A-9103-DCABDB9615BA}.Debug|Any CPU.Build.0 = Debug|Any CPU
		{55ACE367-E705-4A2A-9103-DCABDB9615BA}.Release|Any CPU.ActiveCfg = Release|Any CPU
		{55ACE367-E705-4A2A-9103-DCABDB9615BA}.Release|Any CPU.Build.0 = Release|Any CPU
		{23605A06-DFF9-44F0-9F38-42A29E5315BB}.Debug|Any CPU.ActiveCfg = Debug|Any CPU
		{23605A06-DFF9-44F0-9F38-42A29E5315BB}.Debug|Any CPU.Build.0 = Debug|Any CPU
		{23605A06-DFF9-44F0-9F38-42A29E5315BB}.Release|Any CPU.ActiveCfg = Release|Any CPU
		{23605A06-DFF9-44F0-9F38-42A29E5315BB}.Release|Any CPU.Build.0 = Release|Any CPU
		{F67C983A-E083-49E7-ABCE-61326C1D0A12}.Debug|Any CPU.ActiveCfg = Debug|Any CPU
		{F67C983A-E083-49E7-ABCE-61326C1D0A12}.Debug|Any CPU.Build.0 = Debug|Any CPU
		{F67C983A-E083-49E7-ABCE-61326C1D0A12}.Release|Any CPU.ActiveCfg = Release|Any CPU
		{F67C983A-E083-49E7-ABCE-61326C1D0A12}.Release|Any CPU.Build.0 = Release|Any CPU
		{1DA2F3D6-7EBC-4A86-BFB4-082DA9BEE1D8}.Debug|Any CPU.ActiveCfg = Debug|Any CPU
		{1DA2F3D6-7EBC-4A86-BFB4-082DA9BEE1D8}.Debug|Any CPU.Build.0 = Debug|Any CPU
		{1DA2F3D6-7EBC-4A86-BFB4-082DA9BEE1D8}.Release|Any CPU.ActiveCfg = Release|Any CPU
		{1DA2F3D6-7EBC-4A86-BFB4-082DA9BEE1D8}.Release|Any CPU.Build.0 = Release|Any CPU
		{4DE85A9B-9F69-4128-B5A2-E48E6001FADB}.Debug|Any CPU.ActiveCfg = Debug|Any CPU
		{4DE85A9B-9F69-4128-B5A2-E48E6001FADB}.Debug|Any CPU.Build.0 = Debug|Any CPU
		{4DE85A9B-9F69-4128-B5A2-E48E6001FADB}.Release|Any CPU.ActiveCfg = Release|Any CPU
		{4DE85A9B-9F69-4128-B5A2-E48E6001FADB}.Release|Any CPU.Build.0 = Release|Any CPU
		{D6D7EB7E-BDAF-4C80-AB96-458ED4772146}.Debug|Any CPU.ActiveCfg = Debug|Any CPU
		{D6D7EB7E-BDAF-4C80-AB96-458ED4772146}.Debug|Any CPU.Build.0 = Debug|Any CPU
		{D6D7EB7E-BDAF-4C80-AB96-458ED4772146}.Release|Any CPU.ActiveCfg = Release|Any CPU
		{D6D7EB7E-BDAF-4C80-AB96-458ED4772146}.Release|Any CPU.Build.0 = Release|Any CPU
		{5F2BDD92-22F7-4504-B736-E50C7BA70236}.Debug|Any CPU.ActiveCfg = Debug|Any CPU
		{5F2BDD92-22F7-4504-B736-E50C7BA70236}.Debug|Any CPU.Build.0 = Debug|Any CPU
		{5F2BDD92-22F7-4504-B736-E50C7BA70236}.Release|Any CPU.ActiveCfg = Release|Any CPU
		{5F2BDD92-22F7-4504-B736-E50C7BA70236}.Release|Any CPU.Build.0 = Release|Any CPU
		{84B6E4D4-183A-4FB5-8B19-4C760A59175E}.Debug|Any CPU.ActiveCfg = Debug|Any CPU
		{84B6E4D4-183A-4FB5-8B19-4C760A59175E}.Debug|Any CPU.Build.0 = Debug|Any CPU
		{84B6E4D4-183A-4FB5-8B19-4C760A59175E}.Release|Any CPU.ActiveCfg = Release|Any CPU
		{84B6E4D4-183A-4FB5-8B19-4C760A59175E}.Release|Any CPU.Build.0 = Release|Any CPU
		{929DDBE1-804A-48ED-B9C6-FFB8E55DDCCE}.Debug|Any CPU.ActiveCfg = Debug|Any CPU
		{929DDBE1-804A-48ED-B9C6-FFB8E55DDCCE}.Debug|Any CPU.Build.0 = Debug|Any CPU
		{929DDBE1-804A-48ED-B9C6-FFB8E55DDCCE}.Release|Any CPU.ActiveCfg = Release|Any CPU
		{929DDBE1-804A-48ED-B9C6-FFB8E55DDCCE}.Release|Any CPU.Build.0 = Release|Any CPU
		{4721ED19-9C4F-44F9-853B-A4666EC8F8FD}.Debug|Any CPU.ActiveCfg = Debug|Any CPU
		{4721ED19-9C4F-44F9-853B-A4666EC8F8FD}.Debug|Any CPU.Build.0 = Debug|Any CPU
		{4721ED19-9C4F-44F9-853B-A4666EC8F8FD}.Release|Any CPU.ActiveCfg = Release|Any CPU
		{4721ED19-9C4F-44F9-853B-A4666EC8F8FD}.Release|Any CPU.Build.0 = Release|Any CPU
		{20A673BB-722A-42A4-8258-0FB73BD02936}.Debug|Any CPU.ActiveCfg = Debug|Any CPU
		{20A673BB-722A-42A4-8258-0FB73BD02936}.Debug|Any CPU.Build.0 = Debug|Any CPU
		{20A673BB-722A-42A4-8258-0FB73BD02936}.Release|Any CPU.ActiveCfg = Release|Any CPU
		{20A673BB-722A-42A4-8258-0FB73BD02936}.Release|Any CPU.Build.0 = Release|Any CPU
	EndGlobalSection
	GlobalSection(SolutionProperties) = preSolution
		HideSolutionNode = FALSE
	EndGlobalSection
	GlobalSection(ExtensibilityGlobals) = postSolution
		SolutionGuid = {3C67E64B-4509-4AD7-BE60-BA2F2C2A1F3A}
	EndGlobalSection
EndGlobal
