
Microsoft Visual Studio Solution File, Format Version 12.00
# Visual Studio 15
VisualStudioVersion = 15.0.27703.2000
MinimumVisualStudioVersion = 10.0.40219.1
Project("{FAE04EC0-301F-11D3-BF4B-00C04F79EFBC}") = "Essential1.A", "Essential1.A\Essential1.A.csproj", "{37C87F57-CF91-45D6-A559-605E34300460}"
EndProject
Project("{FAE04EC0-301F-11D3-BF4B-00C04F79EFBC}") = "Essential1.2", "Essential1.2\Essential1.2.csproj", "{1780F855-8B72-4FC0-AF8F-110AAEC9B06A}"
EndProject
Project("{FAE04EC0-301F-11D3-BF4B-00C04F79EFBC}") = "Essential1.3", "Essential1.3\Essential1.3.csproj", "{413A6560-0377-42A7-8C5A-CBA59286F9CF}"
EndProject
Project("{FAE04EC0-301F-11D3-BF4B-00C04F79EFBC}") = "Essential1.4", "Essential1.4\Essential1.4.csproj", "{722D1299-1BAF-4E49-BA58-B4837529C539}"
EndProject
Project("{FAE04EC0-301F-11D3-BF4B-00C04F79EFBC}") = "Essential2.A", "Essential2.A\Essential2.A.csproj", "{598941F3-FE5C-4DC1-916F-94CC84D71E3F}"
EndProject
Project("{FAE04EC0-301F-11D3-BF4B-00C04F79EFBC}") = "Essential2.2", "Essential2.2\Essential2.2.csproj", "{75B43D81-6629-459F-BE65-D3EA20EFA387}"
EndProject
Project("{FAE04EC0-301F-11D3-BF4B-00C04F79EFBC}") = "Essential2.3", "Essential2.3\Essential2.3.csproj", "{55ACE367-E705-4A2A-9103-DCABDB9615BA}"
EndProject
Project("{FAE04EC0-301F-11D3-BF4B-00C04F79EFBC}") = "Essential2.4", "Essential2.4\Essential2.4.csproj", "{23605A06-DFF9-44F0-9F38-42A29E5315BB}"
EndProject
Project("{FAE04EC0-301F-11D3-BF4B-00C04F79EFBC}") = "Essential3.A", "Essential3.A\Essential3.A.csproj", "{F67C983A-E083-49E7-ABCE-61326C1D0A12}"
EndProject
Project("{FAE04EC0-301F-11D3-BF4B-00C04F79EFBC}") = "Essential3.2", "Essential3.2\Essential3.2.csproj", "{1DA2F3D6-7EBC-4A86-BFB4-082DA9BEE1D8}"
EndProject
Project("{FAE04EC0-301F-11D3-BF4B-00C04F79EFBC}") = "Essential3.3", "Essential3.3\Essential3.3.csproj", "{4DE85A9B-9F69-4128-B5A2-E48E6001FADB}"
EndProject
Project("{FAE04EC0-301F-11D3-BF4B-00C04F79EFBC}") = "Essential3.4", "Essential3.4\Essential3.4.csproj", "{D6D7EB7E-BDAF-4C80-AB96-458ED4772146}"
EndProject
Project("{FAE04EC0-301F-11D3-BF4B-00C04F79EFBC}") = "Essential4.2", "Essential4.2\Essential4.2.csproj", "{5F2BDD92-22F7-4504-B736-E50C7BA70236}"
EndProject
Project("{FAE04EC0-301F-11D3-BF4B-00C04F79EFBC}") = "Essential4.3", "Essential4.3\Essential4.3.csproj", "{84B6E4D4-183A-4FB5-8B19-4C760A59175E}"
EndProject
Project("{FAE04EC0-301F-11D3-BF4B-00C04F79EFBC}") = "Essential5.A", "Essential5.A\Essential5.A.csproj", "{929DDBE1-804A-48ED-B9C6-FFB8E55DDCCE}"
EndProject
Project("{FAE04EC0-301F-11D3-BF4B-00C04F79EFBC}") = "Essential5.2", "Essential5.2\Essential5.2.csproj", "{4721ED19-9C4F-44F9-853B-A4666EC8F8FD}"
EndProject
Project("{FAE04EC0-301F-11D3-BF4B-00C04F79EFBC}") = "Essential5.3", "Essential5.3\Essential5.3.csproj", "{20A673BB-722A-42A4-8258-0FB73BD02936}"
EndProject
Project("{FAE04EC0-301F-11D3-BF4B-00C04F79EFBC}") = "Essential5.4", "Essential5.4\Essential5.4.csproj", "{1527101F-E607-4C5A-8878-60F99AD5C49C}"
EndProject
Project("{FAE04EC0-301F-11D3-BF4B-00C04F79EFBC}") = "Essential6.A", "Essential6.A\Essential6.A.csproj", "{DE942627-153F-4A32-8822-54BD6503DE1E}"
EndProject
Project("{FAE04EC0-301F-11D3-BF4B-00C04F79EFBC}") = "Essential6.4", "Essential6.4\Essential6.4.csproj", "{F3B7F242-B9C2-4532-ABB0-1F6B709098BA}"
EndProject
Project("{FAE04EC0-301F-11D3-BF4B-00C04F79EFBC}") = "Essential7.A", "Essential7.A\Essential7.A.csproj", "{69C0297B-D985-4B7B-8C6B-668E971D04D0}"
EndProject
Project("{FAE04EC0-301F-11D3-BF4B-00C04F79EFBC}") = "Essential7.2", "Essential7.2\Essential7.2.csproj", "{3AEF737D-500A-4819-8BFE-1D67691C67B9}"
EndProject
Project("{FAE04EC0-301F-11D3-BF4B-00C04F79EFBC}") = "Essential7.3", "Essential7.3\Essential7.3.csproj", "{9F3DBC84-CE75-4EE9-98D1-7F7042B0613B}"
EndProject
Project("{FAE04EC0-301F-11D3-BF4B-00C04F79EFBC}") = "Essential8.A", "Essential8.A\Essential8.A.csproj", "{624F14C3-266C-4D19-B778-2EF372387DFB}"
EndProject
Project("{FAE04EC0-301F-11D3-BF4B-00C04F79EFBC}") = "Essential8.2", "Essential8.2\Essential8.2.csproj", "{3FEDFD74-76AC-4E97-AB29-4DC8F60AF8DE}"
EndProject
Project("{FAE04EC0-301F-11D3-BF4B-00C04F79EFBC}") = "Essential8.3", "Essential8.3\Essential8.3.csproj", "{D8DB6B87-3106-4BCC-BDDE-61897C027B81}"
EndProject
Project("{FAE04EC0-301F-11D3-BF4B-00C04F79EFBC}") = "Essential9.A", "Essential9.A\Essential9.A.csproj", "{1135E6BD-6503-4429-BCDB-7F6D85C61F7C}"
EndProject
Project("{FAE04EC0-301F-11D3-BF4B-00C04F79EFBC}") = "Essential9.2", "Essential9.2\Essential9.2.csproj", "{6AD02D23-F96D-4E76-B9BC-CA725144A10C}"
EndProject
Project("{FAE04EC0-301F-11D3-BF4B-00C04F79EFBC}") = "Essential9.3", "Essential9.3\Essential9.3.csproj", "{835AD739-7278-4B06-B2A8-30FDA29528AB}"
EndProject
Project("{FAE04EC0-301F-11D3-BF4B-00C04F79EFBC}") = "Essential10.A", "Essential10.A\Essential10.A.csproj", "{511C117A-F194-41A3-8B46-CCDA41022D29}"
EndProject
Project("{FAE04EC0-301F-11D3-BF4B-00C04F79EFBC}") = "Essential10.2", "Essential10.2\Essential10.2.csproj", "{BF59A639-9F3A-4952-894F-24490CF73482}"
EndProject
Project("{FAE04EC0-301F-11D3-BF4B-00C04F79EFBC}") = "Essential10.3", "Essential10.3\Essential10.3.csproj", "{E4BB3A42-211D-4FB9-A682-5B45DAAD83A8}"
EndProject
Project("{FAE04EC0-301F-11D3-BF4B-00C04F79EFBC}") = "Essential10.4", "Essential10.4\Essential10.4.csproj", "{3A1B002A-9FF9-4E56-929F-E0EF319878E4}"
EndProject
Project("{FAE04EC0-301F-11D3-BF4B-00C04F79EFBC}") = "Essential11.A", "Essential11.A\Essential11.A.csproj", "{5FD7D601-E7D4-422B-9C16-BB9822BE85F5}"
EndProject
Project("{FAE04EC0-301F-11D3-BF4B-00C04F79EFBC}") = "Essential11.2", "Essential11.2\Essential11.2.csproj", "{C58A3D07-674D-4667-AA09-4470AB0AD6F9}"
EndProject
Project("{FAE04EC0-301F-11D3-BF4B-00C04F79EFBC}") = "Essential11.3", "Essential11.3\Essential11.3.csproj", "{8855F800-84DF-4B42-ACB2-3AE748D82286}"
EndProject
Project("{FAE04EC0-301F-11D3-BF4B-00C04F79EFBC}") = "Essential11.4", "Essential11.4\Essential11.4.csproj", "{1E985FAF-84C9-4E44-8F41-BF279FA5A83F}"
EndProject
Project("{FAE04EC0-301F-11D3-BF4B-00C04F79EFBC}") = "Essential12.A", "Essential12.A\Essential12.A.csproj", "{321523F5-56A3-40A8-BFAB-138B39327B65}"
EndProject
Project("{FAE04EC0-301F-11D3-BF4B-00C04F79EFBC}") = "Essential12.3", "Essential12.3\Essential12.3.csproj", "{CD0FDE99-1174-4DB0-A513-3225F2BF5077}"
EndProject
Project("{FAE04EC0-301F-11D3-BF4B-00C04F79EFBC}") = "Essential12.4", "Essential12.4\Essential12.4.csproj", "{ED852738-4619-4DA5-AE7B-4EE2BC22FD20}"
EndProject
Project("{FAE04EC0-301F-11D3-BF4B-00C04F79EFBC}") = "Essential13.A", "Essential13.A\Essential13.A.csproj", "{29CC3E35-EBEE-4FE0-99E4-24C239716FE8}"
EndProject
Project("{FAE04EC0-301F-11D3-BF4B-00C04F79EFBC}") = "Essential13.1", "Essential13.1\Essential13.1.csproj", "{CAB676D4-056A-43FA-A3E5-C6BD1C51FA58}"
EndProject
Project("{FAE04EC0-301F-11D3-BF4B-00C04F79EFBC}") = "Test", "Test\Test.csproj", "{9E515286-6072-4DE9-86DF-265CA888A3FC}"
EndProject
Global
	GlobalSection(SolutionConfigurationPlatforms) = preSolution
		Debug|Any CPU = Debug|Any CPU
		Release|Any CPU = Release|Any CPU
	EndGlobalSection
	GlobalSection(ProjectConfigurationPlatforms) = postSolution
		{37C87F57-CF91-45D6-A559-605E34300460}.Debug|Any CPU.ActiveCfg = Debug|Any CPU
		{37C87F57-CF91-45D6-A559-605E34300460}.Debug|Any CPU.Build.0 = Debug|Any CPU
		{37C87F57-CF91-45D6-A559-605E34300460}.Release|Any CPU.ActiveCfg = Release|Any CPU
		{37C87F57-CF91-45D6-A559-605E34300460}.Release|Any CPU.Build.0 = Release|Any CPU
		{1780F855-8B72-4FC0-AF8F-110AAEC9B06A}.Debug|Any CPU.ActiveCfg = Debug|Any CPU
		{1780F855-8B72-4FC0-AF8F-110AAEC9B06A}.Debug|Any CPU.Build.0 = Debug|Any CPU
		{1780F855-8B72-4FC0-AF8F-110AAEC9B06A}.Release|Any CPU.ActiveCfg = Release|Any CPU
		{1780F855-8B72-4FC0-AF8F-110AAEC9B06A}.Release|Any CPU.Build.0 = Release|Any CPU
		{413A6560-0377-42A7-8C5A-CBA59286F9CF}.Debug|Any CPU.ActiveCfg = Debug|Any CPU
		{413A6560-0377-42A7-8C5A-CBA59286F9CF}.Debug|Any CPU.Build.0 = Debug|Any CPU
		{413A6560-0377-42A7-8C5A-CBA59286F9CF}.Release|Any CPU.ActiveCfg = Release|Any CPU
		{413A6560-0377-42A7-8C5A-CBA59286F9CF}.Release|Any CPU.Build.0 = Release|Any CPU
		{722D1299-1BAF-4E49-BA58-B4837529C539}.Debug|Any CPU.ActiveCfg = Debug|Any CPU
		{722D1299-1BAF-4E49-BA58-B4837529C539}.Debug|Any CPU.Build.0 = Debug|Any CPU
		{722D1299-1BAF-4E49-BA58-B4837529C539}.Release|Any CPU.ActiveCfg = Release|Any CPU
		{722D1299-1BAF-4E49-BA58-B4837529C539}.Release|Any CPU.Build.0 = Release|Any CPU
		{598941F3-FE5C-4DC1-916F-94CC84D71E3F}.Debug|Any CPU.ActiveCfg = Debug|Any CPU
		{598941F3-FE5C-4DC1-916F-94CC84D71E3F}.Debug|Any CPU.Build.0 = Debug|Any CPU
		{598941F3-FE5C-4DC1-916F-94CC84D71E3F}.Release|Any CPU.ActiveCfg = Release|Any CPU
		{598941F3-FE5C-4DC1-916F-94CC84D71E3F}.Release|Any CPU.Build.0 = Release|Any CPU
		{75B43D81-6629-459F-BE65-D3EA20EFA387}.Debug|Any CPU.ActiveCfg = Debug|Any CPU
		{75B43D81-6629-459F-BE65-D3EA20EFA387}.Debug|Any CPU.Build.0 = Debug|Any CPU
		{75B43D81-6629-459F-BE65-D3EA20EFA387}.Release|Any CPU.ActiveCfg = Release|Any CPU
		{75B43D81-6629-459F-BE65-D3EA20EFA387}.Release|Any CPU.Build.0 = Release|Any CPU
		{55ACE367-E705-4A2A-9103-DCABDB9615BA}.Debug|Any CPU.ActiveCfg = Debug|Any CPU
		{55ACE367-E705-4A2A-9103-DCABDB9615BA}.Debug|Any CPU.Build.0 = Debug|Any CPU
		{55ACE367-E705-4A2A-9103-DCABDB9615BA}.Release|Any CPU.ActiveCfg = Release|Any CPU
		{55ACE367-E705-4A2A-9103-DCABDB9615BA}.Release|Any CPU.Build.0 = Release|Any CPU
		{23605A06-DFF9-44F0-9F38-42A29E5315BB}.Debug|Any CPU.ActiveCfg = Debug|Any CPU
		{23605A06-DFF9-44F0-9F38-42A29E5315BB}.Debug|Any CPU.Build.0 = Debug|Any CPU
		{23605A06-DFF9-44F0-9F38-42A29E5315BB}.Release|Any CPU.ActiveCfg = Release|Any CPU
		{23605A06-DFF9-44F0-9F38-42A29E5315BB}.Release|Any CPU.Build.0 = Release|Any CPU
		{F67C983A-E083-49E7-ABCE-61326C1D0A12}.Debug|Any CPU.ActiveCfg = Debug|Any CPU
		{F67C983A-E083-49E7-ABCE-61326C1D0A12}.Debug|Any CPU.Build.0 = Debug|Any CPU
		{F67C983A-E083-49E7-ABCE-61326C1D0A12}.Release|Any CPU.ActiveCfg = Release|Any CPU
		{F67C983A-E083-49E7-ABCE-61326C1D0A12}.Release|Any CPU.Build.0 = Release|Any CPU
		{1DA2F3D6-7EBC-4A86-BFB4-082DA9BEE1D8}.Debug|Any CPU.ActiveCfg = Debug|Any CPU
		{1DA2F3D6-7EBC-4A86-BFB4-082DA9BEE1D8}.Debug|Any CPU.Build.0 = Debug|Any CPU
		{1DA2F3D6-7EBC-4A86-BFB4-082DA9BEE1D8}.Release|Any CPU.ActiveCfg = Release|Any CPU
		{1DA2F3D6-7EBC-4A86-BFB4-082DA9BEE1D8}.Release|Any CPU.Build.0 = Release|Any CPU
		{4DE85A9B-9F69-4128-B5A2-E48E6001FADB}.Debug|Any CPU.ActiveCfg = Debug|Any CPU
		{4DE85A9B-9F69-4128-B5A2-E48E6001FADB}.Debug|Any CPU.Build.0 = Debug|Any CPU
		{4DE85A9B-9F69-4128-B5A2-E48E6001FADB}.Release|Any CPU.ActiveCfg = Release|Any CPU
		{4DE85A9B-9F69-4128-B5A2-E48E6001FADB}.Release|Any CPU.Build.0 = Release|Any CPU
		{D6D7EB7E-BDAF-4C80-AB96-458ED4772146}.Debug|Any CPU.ActiveCfg = Debug|Any CPU
		{D6D7EB7E-BDAF-4C80-AB96-458ED4772146}.Debug|Any CPU.Build.0 = Debug|Any CPU
		{D6D7EB7E-BDAF-4C80-AB96-458ED4772146}.Release|Any CPU.ActiveCfg = Release|Any CPU
		{D6D7EB7E-BDAF-4C80-AB96-458ED4772146}.Release|Any CPU.Build.0 = Release|Any CPU
		{5F2BDD92-22F7-4504-B736-E50C7BA70236}.Debug|Any CPU.ActiveCfg = Debug|Any CPU
		{5F2BDD92-22F7-4504-B736-E50C7BA70236}.Debug|Any CPU.Build.0 = Debug|Any CPU
		{5F2BDD92-22F7-4504-B736-E50C7BA70236}.Release|Any CPU.ActiveCfg = Release|Any CPU
		{5F2BDD92-22F7-4504-B736-E50C7BA70236}.Release|Any CPU.Build.0 = Release|Any CPU
		{84B6E4D4-183A-4FB5-8B19-4C760A59175E}.Debug|Any CPU.ActiveCfg = Debug|Any CPU
		{84B6E4D4-183A-4FB5-8B19-4C760A59175E}.Debug|Any CPU.Build.0 = Debug|Any CPU
		{84B6E4D4-183A-4FB5-8B19-4C760A59175E}.Release|Any CPU.ActiveCfg = Release|Any CPU
		{84B6E4D4-183A-4FB5-8B19-4C760A59175E}.Release|Any CPU.Build.0 = Release|Any CPU
		{929DDBE1-804A-48ED-B9C6-FFB8E55DDCCE}.Debug|Any CPU.ActiveCfg = Debug|Any CPU
		{929DDBE1-804A-48ED-B9C6-FFB8E55DDCCE}.Debug|Any CPU.Build.0 = Debug|Any CPU
		{929DDBE1-804A-48ED-B9C6-FFB8E55DDCCE}.Release|Any CPU.ActiveCfg = Release|Any CPU
		{929DDBE1-804A-48ED-B9C6-FFB8E55DDCCE}.Release|Any CPU.Build.0 = Release|Any CPU
		{4721ED19-9C4F-44F9-853B-A4666EC8F8FD}.Debug|Any CPU.ActiveCfg = Debug|Any CPU
		{4721ED19-9C4F-44F9-853B-A4666EC8F8FD}.Debug|Any CPU.Build.0 = Debug|Any CPU
		{4721ED19-9C4F-44F9-853B-A4666EC8F8FD}.Release|Any CPU.ActiveCfg = Release|Any CPU
		{4721ED19-9C4F-44F9-853B-A4666EC8F8FD}.Release|Any CPU.Build.0 = Release|Any CPU
		{20A673BB-722A-42A4-8258-0FB73BD02936}.Debug|Any CPU.ActiveCfg = Debug|Any CPU
		{20A673BB-722A-42A4-8258-0FB73BD02936}.Debug|Any CPU.Build.0 = Debug|Any CPU
		{20A673BB-722A-42A4-8258-0FB73BD02936}.Release|Any CPU.ActiveCfg = Release|Any CPU
		{20A673BB-722A-42A4-8258-0FB73BD02936}.Release|Any CPU.Build.0 = Release|Any CPU
		{1527101F-E607-4C5A-8878-60F99AD5C49C}.Debug|Any CPU.ActiveCfg = Debug|Any CPU
		{1527101F-E607-4C5A-8878-60F99AD5C49C}.Debug|Any CPU.Build.0 = Debug|Any CPU
		{1527101F-E607-4C5A-8878-60F99AD5C49C}.Release|Any CPU.ActiveCfg = Release|Any CPU
		{1527101F-E607-4C5A-8878-60F99AD5C49C}.Release|Any CPU.Build.0 = Release|Any CPU
		{DE942627-153F-4A32-8822-54BD6503DE1E}.Debug|Any CPU.ActiveCfg = Debug|Any CPU
		{DE942627-153F-4A32-8822-54BD6503DE1E}.Debug|Any CPU.Build.0 = Debug|Any CPU
		{DE942627-153F-4A32-8822-54BD6503DE1E}.Release|Any CPU.ActiveCfg = Release|Any CPU
		{DE942627-153F-4A32-8822-54BD6503DE1E}.Release|Any CPU.Build.0 = Release|Any CPU
		{F3B7F242-B9C2-4532-ABB0-1F6B709098BA}.Debug|Any CPU.ActiveCfg = Debug|Any CPU
		{F3B7F242-B9C2-4532-ABB0-1F6B709098BA}.Debug|Any CPU.Build.0 = Debug|Any CPU
		{F3B7F242-B9C2-4532-ABB0-1F6B709098BA}.Release|Any CPU.ActiveCfg = Release|Any CPU
		{F3B7F242-B9C2-4532-ABB0-1F6B709098BA}.Release|Any CPU.Build.0 = Release|Any CPU
		{69C0297B-D985-4B7B-8C6B-668E971D04D0}.Debug|Any CPU.ActiveCfg = Debug|Any CPU
		{69C0297B-D985-4B7B-8C6B-668E971D04D0}.Debug|Any CPU.Build.0 = Debug|Any CPU
		{69C0297B-D985-4B7B-8C6B-668E971D04D0}.Release|Any CPU.ActiveCfg = Release|Any CPU
		{69C0297B-D985-4B7B-8C6B-668E971D04D0}.Release|Any CPU.Build.0 = Release|Any CPU
		{3AEF737D-500A-4819-8BFE-1D67691C67B9}.Debug|Any CPU.ActiveCfg = Debug|Any CPU
		{3AEF737D-500A-4819-8BFE-1D67691C67B9}.Debug|Any CPU.Build.0 = Debug|Any CPU
		{3AEF737D-500A-4819-8BFE-1D67691C67B9}.Release|Any CPU.ActiveCfg = Release|Any CPU
		{3AEF737D-500A-4819-8BFE-1D67691C67B9}.Release|Any CPU.Build.0 = Release|Any CPU
		{9F3DBC84-CE75-4EE9-98D1-7F7042B0613B}.Debug|Any CPU.ActiveCfg = Debug|Any CPU
		{9F3DBC84-CE75-4EE9-98D1-7F7042B0613B}.Debug|Any CPU.Build.0 = Debug|Any CPU
		{9F3DBC84-CE75-4EE9-98D1-7F7042B0613B}.Release|Any CPU.ActiveCfg = Release|Any CPU
		{9F3DBC84-CE75-4EE9-98D1-7F7042B0613B}.Release|Any CPU.Build.0 = Release|Any CPU
		{624F14C3-266C-4D19-B778-2EF372387DFB}.Debug|Any CPU.ActiveCfg = Debug|Any CPU
		{624F14C3-266C-4D19-B778-2EF372387DFB}.Debug|Any CPU.Build.0 = Debug|Any CPU
		{624F14C3-266C-4D19-B778-2EF372387DFB}.Release|Any CPU.ActiveCfg = Release|Any CPU
		{624F14C3-266C-4D19-B778-2EF372387DFB}.Release|Any CPU.Build.0 = Release|Any CPU
		{3FEDFD74-76AC-4E97-AB29-4DC8F60AF8DE}.Debug|Any CPU.ActiveCfg = Debug|Any CPU
		{3FEDFD74-76AC-4E97-AB29-4DC8F60AF8DE}.Debug|Any CPU.Build.0 = Debug|Any CPU
		{3FEDFD74-76AC-4E97-AB29-4DC8F60AF8DE}.Release|Any CPU.ActiveCfg = Release|Any CPU
		{3FEDFD74-76AC-4E97-AB29-4DC8F60AF8DE}.Release|Any CPU.Build.0 = Release|Any CPU
		{D8DB6B87-3106-4BCC-BDDE-61897C027B81}.Debug|Any CPU.ActiveCfg = Debug|Any CPU
		{D8DB6B87-3106-4BCC-BDDE-61897C027B81}.Debug|Any CPU.Build.0 = Debug|Any CPU
		{D8DB6B87-3106-4BCC-BDDE-61897C027B81}.Release|Any CPU.ActiveCfg = Release|Any CPU
		{D8DB6B87-3106-4BCC-BDDE-61897C027B81}.Release|Any CPU.Build.0 = Release|Any CPU
		{1135E6BD-6503-4429-BCDB-7F6D85C61F7C}.Debug|Any CPU.ActiveCfg = Debug|Any CPU
		{1135E6BD-6503-4429-BCDB-7F6D85C61F7C}.Debug|Any CPU.Build.0 = Debug|Any CPU
		{1135E6BD-6503-4429-BCDB-7F6D85C61F7C}.Release|Any CPU.ActiveCfg = Release|Any CPU
		{1135E6BD-6503-4429-BCDB-7F6D85C61F7C}.Release|Any CPU.Build.0 = Release|Any CPU
		{6AD02D23-F96D-4E76-B9BC-CA725144A10C}.Debug|Any CPU.ActiveCfg = Debug|Any CPU
		{6AD02D23-F96D-4E76-B9BC-CA725144A10C}.Debug|Any CPU.Build.0 = Debug|Any CPU
		{6AD02D23-F96D-4E76-B9BC-CA725144A10C}.Release|Any CPU.ActiveCfg = Release|Any CPU
		{6AD02D23-F96D-4E76-B9BC-CA725144A10C}.Release|Any CPU.Build.0 = Release|Any CPU
		{835AD739-7278-4B06-B2A8-30FDA29528AB}.Debug|Any CPU.ActiveCfg = Debug|Any CPU
		{835AD739-7278-4B06-B2A8-30FDA29528AB}.Debug|Any CPU.Build.0 = Debug|Any CPU
		{835AD739-7278-4B06-B2A8-30FDA29528AB}.Release|Any CPU.ActiveCfg = Release|Any CPU
		{835AD739-7278-4B06-B2A8-30FDA29528AB}.Release|Any CPU.Build.0 = Release|Any CPU
		{511C117A-F194-41A3-8B46-CCDA41022D29}.Debug|Any CPU.ActiveCfg = Debug|Any CPU
		{511C117A-F194-41A3-8B46-CCDA41022D29}.Debug|Any CPU.Build.0 = Debug|Any CPU
		{511C117A-F194-41A3-8B46-CCDA41022D29}.Release|Any CPU.ActiveCfg = Release|Any CPU
		{511C117A-F194-41A3-8B46-CCDA41022D29}.Release|Any CPU.Build.0 = Release|Any CPU
		{BF59A639-9F3A-4952-894F-24490CF73482}.Debug|Any CPU.ActiveCfg = Debug|Any CPU
		{BF59A639-9F3A-4952-894F-24490CF73482}.Debug|Any CPU.Build.0 = Debug|Any CPU
		{BF59A639-9F3A-4952-894F-24490CF73482}.Release|Any CPU.ActiveCfg = Release|Any CPU
		{BF59A639-9F3A-4952-894F-24490CF73482}.Release|Any CPU.Build.0 = Release|Any CPU
		{E4BB3A42-211D-4FB9-A682-5B45DAAD83A8}.Debug|Any CPU.ActiveCfg = Debug|Any CPU
		{E4BB3A42-211D-4FB9-A682-5B45DAAD83A8}.Debug|Any CPU.Build.0 = Debug|Any CPU
		{E4BB3A42-211D-4FB9-A682-5B45DAAD83A8}.Release|Any CPU.ActiveCfg = Release|Any CPU
		{E4BB3A42-211D-4FB9-A682-5B45DAAD83A8}.Release|Any CPU.Build.0 = Release|Any CPU
		{3A1B002A-9FF9-4E56-929F-E0EF319878E4}.Debug|Any CPU.ActiveCfg = Debug|Any CPU
		{3A1B002A-9FF9-4E56-929F-E0EF319878E4}.Debug|Any CPU.Build.0 = Debug|Any CPU
		{3A1B002A-9FF9-4E56-929F-E0EF319878E4}.Release|Any CPU.ActiveCfg = Release|Any CPU
		{3A1B002A-9FF9-4E56-929F-E0EF319878E4}.Release|Any CPU.Build.0 = Release|Any CPU
		{5FD7D601-E7D4-422B-9C16-BB9822BE85F5}.Debug|Any CPU.ActiveCfg = Debug|Any CPU
		{5FD7D601-E7D4-422B-9C16-BB9822BE85F5}.Debug|Any CPU.Build.0 = Debug|Any CPU
		{5FD7D601-E7D4-422B-9C16-BB9822BE85F5}.Release|Any CPU.ActiveCfg = Release|Any CPU
		{5FD7D601-E7D4-422B-9C16-BB9822BE85F5}.Release|Any CPU.Build.0 = Release|Any CPU
		{C58A3D07-674D-4667-AA09-4470AB0AD6F9}.Debug|Any CPU.ActiveCfg = Debug|Any CPU
		{C58A3D07-674D-4667-AA09-4470AB0AD6F9}.Debug|Any CPU.Build.0 = Debug|Any CPU
		{C58A3D07-674D-4667-AA09-4470AB0AD6F9}.Release|Any CPU.ActiveCfg = Release|Any CPU
		{C58A3D07-674D-4667-AA09-4470AB0AD6F9}.Release|Any CPU.Build.0 = Release|Any CPU
		{8855F800-84DF-4B42-ACB2-3AE748D82286}.Debug|Any CPU.ActiveCfg = Debug|Any CPU
		{8855F800-84DF-4B42-ACB2-3AE748D82286}.Debug|Any CPU.Build.0 = Debug|Any CPU
		{8855F800-84DF-4B42-ACB2-3AE748D82286}.Release|Any CPU.ActiveCfg = Release|Any CPU
		{8855F800-84DF-4B42-ACB2-3AE748D82286}.Release|Any CPU.Build.0 = Release|Any CPU
		{1E985FAF-84C9-4E44-8F41-BF279FA5A83F}.Debug|Any CPU.ActiveCfg = Debug|Any CPU
		{1E985FAF-84C9-4E44-8F41-BF279FA5A83F}.Debug|Any CPU.Build.0 = Debug|Any CPU
		{1E985FAF-84C9-4E44-8F41-BF279FA5A83F}.Release|Any CPU.ActiveCfg = Release|Any CPU
		{1E985FAF-84C9-4E44-8F41-BF279FA5A83F}.Release|Any CPU.Build.0 = Release|Any CPU
		{321523F5-56A3-40A8-BFAB-138B39327B65}.Debug|Any CPU.ActiveCfg = Debug|Any CPU
		{321523F5-56A3-40A8-BFAB-138B39327B65}.Debug|Any CPU.Build.0 = Debug|Any CPU
		{321523F5-56A3-40A8-BFAB-138B39327B65}.Release|Any CPU.ActiveCfg = Release|Any CPU
		{321523F5-56A3-40A8-BFAB-138B39327B65}.Release|Any CPU.Build.0 = Release|Any CPU
		{CD0FDE99-1174-4DB0-A513-3225F2BF5077}.Debug|Any CPU.ActiveCfg = Debug|Any CPU
		{CD0FDE99-1174-4DB0-A513-3225F2BF5077}.Debug|Any CPU.Build.0 = Debug|Any CPU
		{CD0FDE99-1174-4DB0-A513-3225F2BF5077}.Release|Any CPU.ActiveCfg = Release|Any CPU
		{CD0FDE99-1174-4DB0-A513-3225F2BF5077}.Release|Any CPU.Build.0 = Release|Any CPU
		{ED852738-4619-4DA5-AE7B-4EE2BC22FD20}.Debug|Any CPU.ActiveCfg = Debug|Any CPU
		{ED852738-4619-4DA5-AE7B-4EE2BC22FD20}.Debug|Any CPU.Build.0 = Debug|Any CPU
		{ED852738-4619-4DA5-AE7B-4EE2BC22FD20}.Release|Any CPU.ActiveCfg = Release|Any CPU
		{ED852738-4619-4DA5-AE7B-4EE2BC22FD20}.Release|Any CPU.Build.0 = Release|Any CPU
		{29CC3E35-EBEE-4FE0-99E4-24C239716FE8}.Debug|Any CPU.ActiveCfg = Debug|Any CPU
		{29CC3E35-EBEE-4FE0-99E4-24C239716FE8}.Debug|Any CPU.Build.0 = Debug|Any CPU
		{29CC3E35-EBEE-4FE0-99E4-24C239716FE8}.Release|Any CPU.ActiveCfg = Release|Any CPU
		{29CC3E35-EBEE-4FE0-99E4-24C239716FE8}.Release|Any CPU.Build.0 = Release|Any CPU
		{CAB676D4-056A-43FA-A3E5-C6BD1C51FA58}.Debug|Any CPU.ActiveCfg = Debug|Any CPU
		{CAB676D4-056A-43FA-A3E5-C6BD1C51FA58}.Debug|Any CPU.Build.0 = Debug|Any CPU
		{CAB676D4-056A-43FA-A3E5-C6BD1C51FA58}.Release|Any CPU.ActiveCfg = Release|Any CPU
		{CAB676D4-056A-43FA-A3E5-C6BD1C51FA58}.Release|Any CPU.Build.0 = Release|Any CPU
		{9E515286-6072-4DE9-86DF-265CA888A3FC}.Debug|Any CPU.ActiveCfg = Debug|Any CPU
		{9E515286-6072-4DE9-86DF-265CA888A3FC}.Debug|Any CPU.Build.0 = Debug|Any CPU
		{9E515286-6072-4DE9-86DF-265CA888A3FC}.Release|Any CPU.ActiveCfg = Release|Any CPU
		{9E515286-6072-4DE9-86DF-265CA888A3FC}.Release|Any CPU.Build.0 = Release|Any CPU
	EndGlobalSection
	GlobalSection(SolutionProperties) = preSolution
		HideSolutionNode = FALSE
	EndGlobalSection
	GlobalSection(ExtensibilityGlobals) = postSolution
		SolutionGuid = {3C67E64B-4509-4AD7-BE60-BA2F2C2A1F3A}
	EndGlobalSection
EndGlobal
